[["version","1"]]
["","container.from",["docker.io/library/rust:1.97-trixie","linux/amd64"],"sha256:1bcff4befb740599103a2c7cb51058e14479b2e35e3a34a3f0dc4ede09927488","pin"]
["","container.from",["docker.io/library/rust:1.97-trixie","linux/arm64"],"sha256:1bcff4befb740599103a2c7cb51058e14479b2e35e3a34a3f0dc4ede09927488","pin"]
["","git.head",["https://github.com/rustsec/advisory-db.git"],"d91a8fc9492378f23cba86b81770c6d16de6ebba","float"]
["","git.head",["https://github.com/sagikazarmark/daggerverse-beta"],"ce70590744ae32a9c2e83a7690d2d7cc4e17aef7","float"]